
Microsoft Visual Studio Solution File, Format Version 12.00
# Visual Studio Version 17
VisualStudioVersion = 17.3.32929.385
MinimumVisualStudioVersion = 10.0.40219.1
Project("{9A19103F-16F7-4668-BE54-9A1E7A4F7556}") = "prueba", "prueba.csproj", "{07FB1D74-E118-4414-B616-921CD94CCB67}"
EndProject
Global
	GlobalSection(SolutionConfigurationPlatforms) = preSolution
		Debug|Any CPU = Debug|Any CPU
		Release|Any CPU = Release|Any CPU
	EndGlobalSection
	GlobalSection(ProjectConfigurationPlatforms) = postSolution
		{07FB1D74-E118-4414-B616-921CD94CCB67}.Debug|Any CPU.ActiveCfg = Debug|Any CPU
		{07FB1D74-E118-4414-B616-921CD94CCB67}.Debug|Any CPU.Build.0 = Debug|Any CPU
		{07FB1D74-E118-4414-B616-921CD94CCB67}.Release|Any CPU.ActiveCfg = Release|Any CPU
		{07FB1D74-E118-4414-B616-921CD94CCB67}.Release|Any CPU.Build.0 = Release|Any CPU
	EndGlobalSection
	GlobalSection(SolutionProperties) = preSolution
		HideSolutionNode = FALSE
	EndGlobalSection
	GlobalSection(ExtensibilityGlobals) = postSolution
		SolutionGuid = {FBAFE166-C58F-482B-BC0C-94C1EB979117}
	EndGlobalSection
EndGlobal
